
Microsoft Visual Studio Solution File, Format Version 12.00
# Visual Studio Version 17
VisualStudioVersion = 17.5.002.0
MinimumVisualStudioVersion = 10.0.40219.1
Project("{9A19103F-16F7-4668-BE54-9A1E7A4F7556}") = "ThreadTest1", "ThreadTest1.csproj", "{207F81F0-FE02-4212-861E-411EBA2EA2CC}"
EndProject
Global
	GlobalSection(SolutionConfigurationPlatforms) = preSolution
		Debug|Any CPU = Debug|Any CPU
		Release|Any CPU = Release|Any CPU
	EndGlobalSection
	GlobalSection(ProjectConfigurationPlatforms) = postSolution
		{207F81F0-FE02-4212-861E-411EBA2EA2CC}.Debug|Any CPU.ActiveCfg = Debug|Any CPU
		{207F81F0-FE02-4212-861E-411EBA2EA2CC}.Debug|Any CPU.Build.0 = Debug|Any CPU
		{207F81F0-FE02-4212-861E-411EBA2EA2CC}.Release|Any CPU.ActiveCfg = Release|Any CPU
		{207F81F0-FE02-4212-861E-411EBA2EA2CC}.Release|Any CPU.Build.0 = Release|Any CPU
	EndGlobalSection
	GlobalSection(SolutionProperties) = preSolution
		HideSolutionNode = FALSE
	EndGlobalSection
	GlobalSection(ExtensibilityGlobals) = postSolution
		SolutionGuid = {21F54562-5119-4776-9AE7-6714552A6754}
	EndGlobalSection
EndGlobal
